// !$*UTF8*$!
{
	archiveVersion = 1;
	classes = {
	};
	objectVersion = 46;
	objects = {

/* Begin PBXBuildFile section */
		44967AA91578484B00448654 /* UIKit.framework in Frameworks */ = {isa = PBXBuildFile; fileRef = 44967AA81578484B00448654 /* UIKit.framework */; };
		44967AAB1578484B00448654 /* Foundation.framework in Frameworks */ = {isa = PBXBuildFile; fileRef = 44967AAA1578484B00448654 /* Foundation.framework */; };
		44967AAD1578484B00448654 /* CoreGraphics.framework in Frameworks */ = {isa = PBXBuildFile; fileRef = 44967AAC1578484B00448654 /* CoreGraphics.framework */; };
		44967AB31578484B00448654 /* InfoPlist.strings in Resources */ = {isa = PBXBuildFile; fileRef = 44967AB11578484B00448654 /* InfoPlist.strings */; };
		44967AB51578484B00448654 /* main.m in Sources */ = {isa = PBXBuildFile; fileRef = 44967AB41578484B00448654 /* main.m */; };
		44967AB91578484B00448654 /* CalculatorAppDelegate.m in Sources */ = {isa = PBXBuildFile; fileRef = 44967AB81578484B00448654 /* CalculatorAppDelegate.m */; };
		44967ABC1578484B00448654 /* MainStoryboard.storyboard in Resources */ = {isa = PBXBuildFile; fileRef = 44967ABA1578484B00448654 /* MainStoryboard.storyboard */; };
		44967ABF1578484B00448654 /* CalculatorViewController.m in Sources */ = {isa = PBXBuildFile; fileRef = 44967ABE1578484B00448654 /* CalculatorViewController.m */; };
/* End PBXBuildFile section */

/* Begin PBXFileReference section */
		44967AA41578484B00448654 /* Calculator.app */ = {isa = PBXFileReference; explicitFileType = wrapper.application; includeInIndex = 0; path = Calculator.app; sourceTree = BUILT_PRODUCTS_DIR; };
		44967AA81578484B00448654 /* UIKit.framework */ = {isa = PBXFileReference; lastKnownFileType = wrapper.framework; name = UIKit.framework; path = System/Library/Frameworks/UIKit.framework; sourceTree = SDKROOT; };
		44967AAA1578484B00448654 /* Foundation.framework */ = {isa = PBXFileReference; lastKnownFileType = wrapper.framework; name = Foundation.framework; path = System/Library/Frameworks/Foundation.framework; sourceTree = SDKROOT; };
		44967AAC1578484B00448654 /* CoreGraphics.framework */ = {isa = PBXFileReference; lastKnownFileType = wrapper.framework; name = CoreGraphics.framework; path = System/Library/Frameworks/CoreGraphics.framework; sourceTree = SDKROOT; };
		44967AB01578484B00448654 /* Calculator-Info.plist */ = {isa = PBXFileReference; path = "Calculator-Info.plist"; sourceTree = "<group>"; };
		44967AB21578484B00448654 /* en */ = {isa = PBXFileReference; lastKnownFileType = text.plist.strings; name = en; path = en.lproj/InfoPlist.strings; sourceTree = "<group>"; };
		44967AB41578484B00448654 /* main.m */ = {isa = PBXFileReference; lastKnownFileType = sourcecode.c.objc; path = main.m; sourceTree = "<group>"; };
		44967AB61578484B00448654 /* Calculator-Prefix.pch */ = {isa = PBXFileReference; path = "Calculator-Prefix.pch"; sourceTree = "<group>"; };
		44967AB71578484B00448654 /* CalculatorAppDelegate.h */ = {isa = PBXFileReference; path = CalculatorAppDelegate.h; sourceTree = "<group>"; };
		44967AB81578484B00448654 /* CalculatorAppDelegate.m */ = {isa = PBXFileReference; lastKnownFileType = sourcecode.c.objc; path = CalculatorAppDelegate.m; sourceTree = "<group>"; };
		44967ABB1578484B00448654 /* en */ = {isa = PBXFileReference; lastKnownFileType = file.storyboard; name = en; path = en.lproj/MainStoryboard.storyboard; sourceTree = "<group>"; };
		44967ABD1578484B00448654 /* CalculatorViewController.h */ = {isa = PBXFileReference; path = CalculatorViewController.h; sourceTree = "<group>"; };
		44967ABE1578484B00448654 /* CalculatorViewController.m */ = {isa = PBXFileReference; lastKnownFileType = sourcecode.c.objc; path = CalculatorViewController.m; sourceTree = "<group>"; };
/* End PBXFileReference section */

/* Begin PBXFrameworksBuildPhase section */
		44967AA11578484B00448654 /* Frameworks */ = {
			isa = PBXFrameworksBuildPhase;
			buildActionMask = 2147483647;
			files = (
				44967AA91578484B00448654 /* UIKit.framework in Frameworks */,
				44967AAB1578484B00448654 /* Foundation.framework in Frameworks */,
				44967AAD1578484B00448654 /* CoreGraphics.framework in Frameworks */,
			);
			runOnlyForDeploymentPostprocessing = 0;
		};
/* End PBXFrameworksBuildPhase section */

/* Begin PBXGroup section */
		44967A991578484B00448654 = {
			isa = PBXGroup;
			children = (
				44967AAE1578484B00448654 /* Calculator */,
				44967AA71578484B00448654 /* Frameworks */,
				44967AA51578484B00448654 /* Products */,
			);
			sourceTree = "<group>";
		};
		44967AA51578484B00448654 /* Products */ = {
			isa = PBXGroup;
			children = (
				44967AA41578484B00448654 /* Calculator.app */,
			);
			name = Products;
			sourceTree = "<group>";
		};
		44967AA71578484B00448654 /* Frameworks */ = {
			isa = PBXGroup;
			children = (
				44967AA81578484B00448654 /* UIKit.framework */,
				44967AAA1578484B00448654 /* Foundation.framework */,
				44967AAC1578484B00448654 /* CoreGraphics.framework */,
			);
			name = Frameworks;
			sourceTree = "<group>";
		};
		44967AAE1578484B00448654 /* Calculator */ = {
			isa = PBXGroup;
			children = (
				44967AB71578484B00448654 /* CalculatorAppDelegate.h */,
				44967AB81578484B00448654 /* CalculatorAppDelegate.m */,
				44967ABA1578484B00448654 /* MainStoryboard.storyboard */,
				44967ABD1578484B00448654 /* CalculatorViewController.h */,
				44967ABE1578484B00448654 /* CalculatorViewController.m */,
				44967AAF1578484B00448654 /* Supporting Files */,
			);
			path = Calculator;
			sourceTree = "<group>";
		};
		44967AAF1578484B00448654 /* Supporting Files */ = {
			isa = PBXGroup;
			children = (
				44967AB01578484B00448654 /* Calculator-Info.plist */,
				44967AB11578484B00448654 /* InfoPlist.strings */,
				44967AB41578484B00448654 /* main.m */,
				44967AB61578484B00448654 /* Calculator-Prefix.pch */,
			);
			name = "Supporting Files";
			sourceTree = "<group>";
		};
/* End PBXGroup section */

/* Begin PBXNativeTarget section */
		44967AA31578484B00448654 /* Calculator */ = {
			isa = PBXNativeTarget;
			buildConfigurationList = 44967AC21578484B00448654 /* Build configuration list for PBXNativeTarget "Calculator" */;
			buildPhases = (
				44967AA01578484B00448654 /* Sources */,
				44967AA11578484B00448654 /* Frameworks */,
				44967AA21578484B00448654 /* Resources */,
			);
			buildRules = (
			);
			dependencies = (
			);
			name = Calculator;
			productName = Calculator;
			productReference = 44967AA41578484B00448654 /* Calculator.app */;
			productType = "com.apple.product-type.application";
		};
/* End PBXNativeTarget section */

/* Begin PBXProject section */
		44967A9B1578484B00448654 /* Project object */ = {
			isa = PBXProject;
			attributes = {
				CLASSPREFIX = Calculator;
				LastUpgradeCheck = 0430;
				ORGANIZATIONNAME = "Rotary International";
			};
			buildConfigurationList = 44967A9E1578484B00448654 /* Build configuration list for PBXProject "Calculator" */;
			compatibilityVersion = "Xcode 3.2";
			developmentRegion = English;
			hasScannedForEncodings = 0;
			knownRegions = (
				en,
			);
			mainGroup = 44967A991578484B00448654;
			productRefGroup = 44967AA51578484B00448654 /* Products */;
			projectDirPath = "";
			projectRoot = "";
			targets = (
				44967AA31578484B00448654 /* Calculator */,
			);
		};
/* End PBXProject section */

/* Begin PBXResourcesBuildPhase section */
		44967AA21578484B00448654 /* Resources */ = {
			isa = PBXResourcesBuildPhase;
			buildActionMask = 2147483647;
			files = (
				44967AB31578484B00448654 /* InfoPlist.strings in Resources */,
				44967ABC1578484B00448654 /* MainStoryboard.storyboard in Resources */,
			);
			runOnlyForDeploymentPostprocessing = 0;
		};
/* End PBXResourcesBuildPhase section */

/* Begin PBXSourcesBuildPhase section */
		44967AA01578484B00448654 /* Sources */ = {
			isa = PBXSourcesBuildPhase;
			buildActionMask = 2147483647;
			files = (
				44967AB51578484B00448654 /* main.m in Sources */,
				44967AB91578484B00448654 /* CalculatorAppDelegate.m in Sources */,
				44967ABF1578484B00448654 /* CalculatorViewController.m in Sources */,
			);
			runOnlyForDeploymentPostprocessing = 0;
		};
/* End PBXSourcesBuildPhase section */

/* Begin PBXVariantGroup section */
		44967AB11578484B00448654 /* InfoPlist.strings */ = {
			isa = PBXVariantGroup;
			children = (
				44967AB21578484B00448654 /* en */,
			);
			name = InfoPlist.strings;
			sourceTree = "<group>";
		};
		44967ABA1578484B00448654 /* MainStoryboard.storyboard */ = {
			isa = PBXVariantGroup;
			children = (
				44967ABB1578484B00448654 /* en */,
			);
			name = MainStoryboard.storyboard;
			sourceTree = "<group>";
		};
/* End PBXVariantGroup section */

/* Begin XCBuildConfiguration section */
		44967AC01578484B00448654 /* Debug */ = {
			isa = XCBuildConfiguration;
			buildSettings = {
				ALWAYS_SEARCH_USER_PATHS = NO;
				ARCHS = "$(ARCHS_STANDARD_32_BIT)";
				CLANG_ENABLE_OBJC_ARC = YES;
				"CODE_SIGN_IDENTITY[sdk=iphoneos*]" = "iPhone Developer";
				COPY_PHASE_STRIP = NO;
				GCC_C_LANGUAGE_STANDARD = gnu99;
				GCC_DYNAMIC_NO_PIC = NO;
				GCC_OPTIMIZATION_LEVEL = 0;
				GCC_PREPROCESSOR_DEFINITIONS = (
					"DEBUG=1",
					"$(inherited)",
				);
				GCC_SYMBOLS_PRIVATE_EXTERN = NO;
				GCC_VERSION = com.apple.compilers.llvm.clang.1_0;
				GCC_WARN_ABOUT_RETURN_TYPE = YES;
				GCC_WARN_UNINITIALIZED_AUTOS = YES;
				GCC_WARN_UNUSED_VARIABLE = YES;
				IPHONEOS_DEPLOYMENT_TARGET = 5.1;
				SDKROOT = iphoneos;
			};
			name = Debug;
		};
		44967AC11578484B00448654 /* Release */ = {
			isa = XCBuildConfiguration;
			buildSettings = {
				ALWAYS_SEARCH_USER_PATHS = NO;
				ARCHS = "$(ARCHS_STANDARD_32_BIT)";
				CLANG_ENABLE_OBJC_ARC = YES;
				"CODE_SIGN_IDENTITY[sdk=iphoneos*]" = "iPhone Developer";
				COPY_PHASE_STRIP = YES;
				GCC_C_LANGUAGE_STANDARD = gnu99;
				GCC_VERSION = com.apple.compilers.llvm.clang.1_0;
				GCC_WARN_ABOUT_RETURN_TYPE = YES;
				GCC_WARN_UNINITIALIZED_AUTOS = YES;
				GCC_WARN_UNUSED_VARIABLE = YES;
				IPHONEOS_DEPLOYMENT_TARGET = 5.1;
				OTHER_CFLAGS = "-DNS_BLOCK_ASSERTIONS=1";
				SDKROOT = iphoneos;
				VALIDATE_PRODUCT = YES;
			};
			name = Release;
		};
		44967AC31578484B00448654 /* Debug */ = {
			isa = XCBuildConfiguration;
			buildSettings = {
				GCC_PRECOMPILE_PREFIX_HEADER = YES;
				GCC_PREFIX_HEADER = "Calculator/Calculator-Prefix.pch";
				INFOPLIST_FILE = "Calculator/Calculator-Info.plist";
				PRODUCT_NAME = "$(TARGET_NAME)";
				WRAPPER_EXTENSION = app;
			};
			name = Debug;
		};
		44967AC41578484B00448654 /* Release */ = {
			isa = XCBuildConfiguration;
			buildSettings = {
				GCC_PRECOMPILE_PREFIX_HEADER = YES;
				GCC_PREFIX_HEADER = "Calculator/Calculator-Prefix.pch";
				INFOPLIST_FILE = "Calculator/Calculator-Info.plist";
				PRODUCT_NAME = "$(TARGET_NAME)";
				WRAPPER_EXTENSION = app;
			};
			name = Release;
		};
/* End XCBuildConfiguration section */

/* Begin XCConfigurationList section */
		44967A9E1578484B00448654 /* Build configuration list for PBXProject "Calculator" */ = {
			isa = XCConfigurationList;
			buildConfigurations = (
				44967AC01578484B00448654 /* Debug */,
				44967AC11578484B00448654 /* Release */,
			);
			defaultConfigurationIsVisible = 0;
			defaultConfigurationName = Release;
		};
		44967AC21578484B00448654 /* Build configuration list for PBXNativeTarget "Calculator" */ = {
			isa = XCConfigurationList;
			buildConfigurations = (
				44967AC31578484B00448654 /* Debug */,
				44967AC41578484B00448654 /* Release */,
			);
			defaultConfigurationIsVisible = 0;
		};
/* End XCConfigurationList section */
	};
	rootObject = 44967A9B1578484B00448654 /* Project object */;
}
